
Microsoft Visual Studio Solution File, Format Version 12.00
# Visual Studio Version 17
VisualStudioVersion = 17.13.35825.156 d17.13
MinimumVisualStudioVersion = 10.0.40219.1
Project("{FAE04EC0-301F-11D3-BF4B-00C04F79EFBC}") = "SuperShopManagementPro", "SuperShopManagementPro\SuperShopManagementPro.csproj", "{8A79E060-2ADF-4888-B2FD-545AD7D37C6C}"
EndProject
Global
	GlobalSection(SolutionConfigurationPlatforms) = preSolution
		Debug|Any CPU = Debug|Any CPU
		Release|Any CPU = Release|Any CPU
	EndGlobalSection
	GlobalSection(ProjectConfigurationPlatforms) = postSolution
		{8A79E060-2ADF-4888-B2FD-545AD7D37C6C}.Debug|Any CPU.ActiveCfg = Debug|Any CPU
		{8A79E060-2ADF-4888-B2FD-545AD7D37C6C}.Debug|Any CPU.Build.0 = Debug|Any CPU
		{8A79E060-2ADF-4888-B2FD-545AD7D37C6C}.Release|Any CPU.ActiveCfg = Release|Any CPU
		{8A79E060-2ADF-4888-B2FD-545AD7D37C6C}.Release|Any CPU.Build.0 = Release|Any CPU
	EndGlobalSection
	GlobalSection(SolutionProperties) = preSolution
		HideSolutionNode = FALSE
	EndGlobalSection
	GlobalSection(ExtensibilityGlobals) = postSolution
		SolutionGuid = {6BA85916-46CD-42E2-9C6E-B58F038194D4}
	EndGlobalSection
EndGlobal
